// !$*UTF8*$!
{
	archiveVersion = 1;
	classes = {
	};
	objectVersion = 77;
	objects = {

/* Begin PBXBuildFile section */
		130EF696BFF375817AB64FAF /* TabBarView.swift in Sources */ = {isa = PBXBuildFile; fileRef = 04CC40A4AF708E9E3A0869F0 /* TabBarView.swift */; };
		3482DEFB33C7097085C8E2C4 /* MainWindowController.swift in Sources */ = {isa = PBXBuildFile; fileRef = DDEDB573C415CA0FCFC7AEB3 /* MainWindowController.swift */; };
		3C6041BE5C51F6F5E5C80F98 /* UndoStack.swift in Sources */ = {isa = PBXBuildFile; fileRef = B65E98023EF7274E1DC8D7A1 /* UndoStack.swift */; };
		4096DCCE82129CFD761A4F33 /* EditorViewController.swift in Sources */ = {isa = PBXBuildFile; fileRef = 759F04802EA4C08E8BC81E17 /* EditorViewController.swift */; };
		4C9A2C05272CEE70655011D5 /* AppCommands.swift in Sources */ = {isa = PBXBuildFile; fileRef = C118FE688C8F262498644C59 /* AppCommands.swift */; };
		50E16DB005EF0E401F8F605F /* KeyBindingManager.swift in Sources */ = {isa = PBXBuildFile; fileRef = A893C94174C8204DA2C51CB5 /* KeyBindingManager.swift */; };
		57F63AA8613A1BA936E67A78 /* GutterView.swift in Sources */ = {isa = PBXBuildFile; fileRef = AF554E94A47755EF1E96A2B1 /* GutterView.swift */; };
		729B2CEAE8B203A954350C05 /* AppDelegate.swift in Sources */ = {isa = PBXBuildFile; fileRef = 0CF1393B999DA515A696B476 /* AppDelegate.swift */; };
		8FCFABFC26D354BDA5E69968 /* EditorTheme.swift in Sources */ = {isa = PBXBuildFile; fileRef = 763BD0AF1DAE8E4AFF1BB2D9 /* EditorTheme.swift */; };
		A47E04D99867F695F7E61886 /* TextBuffer.swift in Sources */ = {isa = PBXBuildFile; fileRef = 85C19B26EF34508A70FBBDC4 /* TextBuffer.swift */; };
		A55D4923A3615473F97C1B2C /* AlloyTests.swift in Sources */ = {isa = PBXBuildFile; fileRef = ED4A57CFCBB62EA71A1C4465 /* AlloyTests.swift */; };
		AE75A1DFEBA83ECCA61FA16C /* Document.swift in Sources */ = {isa = PBXBuildFile; fileRef = 02C4C683372E45E051A8560A /* Document.swift */; };
		AF36377D0C4FFDF8DC97AA62 /* Selection.swift in Sources */ = {isa = PBXBuildFile; fileRef = DD6DC8C1888875D79386983C /* Selection.swift */; };
		BAE6DA5528C8EBE022025A7C /* EditorView.swift in Sources */ = {isa = PBXBuildFile; fileRef = C618A0EF14DAE43BE0A18664 /* EditorView.swift */; };
		BF4A20F34405DBE80C5BF165 /* AlloyApp.swift in Sources */ = {isa = PBXBuildFile; fileRef = B46D612B7B17ADB47C615716 /* AlloyApp.swift */; };
		C3DCAAAB967B2FF774C5291E /* Workspace.swift in Sources */ = {isa = PBXBuildFile; fileRef = 82E9B8AF0B78C4B9EF57DA46 /* Workspace.swift */; };
		C8141540A16208CB65305652 /* DefaultKeyBindings.json in Resources */ = {isa = PBXBuildFile; fileRef = 72492F6608A2C46B0A27F008 /* DefaultKeyBindings.json */; };
		D28B2F806F455B13330D237B /* TabGroup.swift in Sources */ = {isa = PBXBuildFile; fileRef = 083F0DBAB9482F5580D54B0E /* TabGroup.swift */; };
/* End PBXBuildFile section */

/* Begin PBXContainerItemProxy section */
		159D4A82C805C1E45D1AC4E4 /* PBXContainerItemProxy */ = {
			isa = PBXContainerItemProxy;
			containerPortal = 488F712BCBCD7F7CD4DD1B40 /* Project object */;
			proxyType = 1;
			remoteGlobalIDString = BD5D4DD2E5D5F3BF4F78DC7F;
			remoteInfo = Alloy;
		};
/* End PBXContainerItemProxy section */

/* Begin PBXFileReference section */
		02C4C683372E45E051A8560A /* Document.swift */ = {isa = PBXFileReference; lastKnownFileType = sourcecode.swift; path = Document.swift; sourceTree = "<group>"; };
		04CC40A4AF708E9E3A0869F0 /* TabBarView.swift */ = {isa = PBXFileReference; lastKnownFileType = sourcecode.swift; path = TabBarView.swift; sourceTree = "<group>"; };
		083F0DBAB9482F5580D54B0E /* TabGroup.swift */ = {isa = PBXFileReference; lastKnownFileType = sourcecode.swift; path = TabGroup.swift; sourceTree = "<group>"; };
		0CF1393B999DA515A696B476 /* AppDelegate.swift */ = {isa = PBXFileReference; lastKnownFileType = sourcecode.swift; path = AppDelegate.swift; sourceTree = "<group>"; };
		38205ABCB10729EF4443D77F /* Alloy.app */ = {isa = PBXFileReference; explicitFileType = wrapper.application; includeInIndex = 0; path = Alloy.app; sourceTree = BUILT_PRODUCTS_DIR; };
		677F8038C46754091AA7571C /* Alloy.entitlements */ = {isa = PBXFileReference; lastKnownFileType = text.plist.entitlements; path = Alloy.entitlements; sourceTree = "<group>"; };
		72492F6608A2C46B0A27F008 /* DefaultKeyBindings.json */ = {isa = PBXFileReference; lastKnownFileType = text.json; path = DefaultKeyBindings.json; sourceTree = "<group>"; };
		759F04802EA4C08E8BC81E17 /* EditorViewController.swift */ = {isa = PBXFileReference; lastKnownFileType = sourcecode.swift; path = EditorViewController.swift; sourceTree = "<group>"; };
		763BD0AF1DAE8E4AFF1BB2D9 /* EditorTheme.swift */ = {isa = PBXFileReference; lastKnownFileType = sourcecode.swift; path = EditorTheme.swift; sourceTree = "<group>"; };
		82E9B8AF0B78C4B9EF57DA46 /* Workspace.swift */ = {isa = PBXFileReference; lastKnownFileType = sourcecode.swift; path = Workspace.swift; sourceTree = "<group>"; };
		85C19B26EF34508A70FBBDC4 /* TextBuffer.swift */ = {isa = PBXFileReference; lastKnownFileType = sourcecode.swift; path = TextBuffer.swift; sourceTree = "<group>"; };
		9DDB1D449343DE8AD7119520 /* Info.plist */ = {isa = PBXFileReference; lastKnownFileType = text.plist; path = Info.plist; sourceTree = "<group>"; };
		A893C94174C8204DA2C51CB5 /* KeyBindingManager.swift */ = {isa = PBXFileReference; lastKnownFileType = sourcecode.swift; path = KeyBindingManager.swift; sourceTree = "<group>"; };
		ABC6A35DD70F38D9A3E48488 /* AlloyTests.xctest */ = {isa = PBXFileReference; explicitFileType = wrapper.cfbundle; includeInIndex = 0; path = AlloyTests.xctest; sourceTree = BUILT_PRODUCTS_DIR; };
		AF554E94A47755EF1E96A2B1 /* GutterView.swift */ = {isa = PBXFileReference; lastKnownFileType = sourcecode.swift; path = GutterView.swift; sourceTree = "<group>"; };
		B46D612B7B17ADB47C615716 /* AlloyApp.swift */ = {isa = PBXFileReference; lastKnownFileType = sourcecode.swift; path = AlloyApp.swift; sourceTree = "<group>"; };
		B65E98023EF7274E1DC8D7A1 /* UndoStack.swift */ = {isa = PBXFileReference; lastKnownFileType = sourcecode.swift; path = UndoStack.swift; sourceTree = "<group>"; };
		C118FE688C8F262498644C59 /* AppCommands.swift */ = {isa = PBXFileReference; lastKnownFileType = sourcecode.swift; path = AppCommands.swift; sourceTree = "<group>"; };
		C618A0EF14DAE43BE0A18664 /* EditorView.swift */ = {isa = PBXFileReference; lastKnownFileType = sourcecode.swift; path = EditorView.swift; sourceTree = "<group>"; };
		DD6DC8C1888875D79386983C /* Selection.swift */ = {isa = PBXFileReference; lastKnownFileType = sourcecode.swift; path = Selection.swift; sourceTree = "<group>"; };
		DDEDB573C415CA0FCFC7AEB3 /* MainWindowController.swift */ = {isa = PBXFileReference; lastKnownFileType = sourcecode.swift; path = MainWindowController.swift; sourceTree = "<group>"; };
		ED4A57CFCBB62EA71A1C4465 /* AlloyTests.swift */ = {isa = PBXFileReference; lastKnownFileType = sourcecode.swift; path = AlloyTests.swift; sourceTree = "<group>"; };
/* End PBXFileReference section */

/* Begin PBXGroup section */
		177C7E523FC525CEF64F242C /* Extensions */ = {
			isa = PBXGroup;
			children = (
				216E931B6344262ED94F6B35 /* Marketplace */,
			);
			path = Extensions;
			sourceTree = "<group>";
		};
		1C9FB72880C14B26BCB1FBA7 /* Core */ = {
			isa = PBXGroup;
			children = (
				02C4C683372E45E051A8560A /* Document.swift */,
				DD6DC8C1888875D79386983C /* Selection.swift */,
				85C19B26EF34508A70FBBDC4 /* TextBuffer.swift */,
				B65E98023EF7274E1DC8D7A1 /* UndoStack.swift */,
				36EBD37C96F759532A04A034 /* Workspace */,
			);
			path = Core;
			sourceTree = "<group>";
		};
		216E931B6344262ED94F6B35 /* Marketplace */ = {
			isa = PBXGroup;
			children = (
			);
			path = Marketplace;
			sourceTree = "<group>";
		};
		2796D6DC1036F54F71B9C0BC /* Debugger */ = {
			isa = PBXGroup;
			children = (
			);
			path = Debugger;
			sourceTree = "<group>";
		};
		36ABCE2D8FBCA4F8775E470F /* FileExplorer */ = {
			isa = PBXGroup;
			children = (
			);
			path = FileExplorer;
			sourceTree = "<group>";
		};
		36EBD37C96F759532A04A034 /* Workspace */ = {
			isa = PBXGroup;
			children = (
				083F0DBAB9482F5580D54B0E /* TabGroup.swift */,
				82E9B8AF0B78C4B9EF57DA46 /* Workspace.swift */,
			);
			path = Workspace;
			sourceTree = "<group>";
		};
		5087E60148BEFF0CE64C7DDA /* Settings */ = {
			isa = PBXGroup;
			children = (
			);
			path = Settings;
			sourceTree = "<group>";
		};
		5D20426A32882805753E0F98 = {
			isa = PBXGroup;
			children = (
				A7597693E2437F988F1D6F7C /* Alloy */,
				806FD40B9089C48F0F8E6A4C /* AlloyTests */,
				B1692E17F3DF108C19787D8A /* Products */,
			);
			sourceTree = "<group>";
		};
		6B7A7E246FC739B998618C2E /* ExtensionHost */ = {
			isa = PBXGroup;
			children = (
				CFF75991DE8F98E4F84730B4 /* handlers */,
			);
			path = ExtensionHost;
			sourceTree = "<group>";
		};
		806FD40B9089C48F0F8E6A4C /* AlloyTests */ = {
			isa = PBXGroup;
			children = (
				ED4A57CFCBB62EA71A1C4465 /* AlloyTests.swift */,
			);
			path = AlloyTests;
			sourceTree = "<group>";
		};
		82314640DAC5EAD135770D6D /* Terminal */ = {
			isa = PBXGroup;
			children = (
			);
			path = Terminal;
			sourceTree = "<group>";
		};
		826FAA3F41DAB0A13E634BD9 /* Editor */ = {
			isa = PBXGroup;
			children = (
				763BD0AF1DAE8E4AFF1BB2D9 /* EditorTheme.swift */,
				C618A0EF14DAE43BE0A18664 /* EditorView.swift */,
				759F04802EA4C08E8BC81E17 /* EditorViewController.swift */,
				AF554E94A47755EF1E96A2B1 /* GutterView.swift */,
			);
			path = Editor;
			sourceTree = "<group>";
		};
		84BF3332C5C469E35546DB12 /* StatusBar */ = {
			isa = PBXGroup;
			children = (
			);
			path = StatusBar;
			sourceTree = "<group>";
		};
		859EB1942E218A6CC2C641FF /* App */ = {
			isa = PBXGroup;
			children = (
				677F8038C46754091AA7571C /* Alloy.entitlements */,
				B46D612B7B17ADB47C615716 /* AlloyApp.swift */,
				C118FE688C8F262498644C59 /* AppCommands.swift */,
				0CF1393B999DA515A696B476 /* AppDelegate.swift */,
				9DDB1D449343DE8AD7119520 /* Info.plist */,
			);
			path = App;
			sourceTree = "<group>";
		};
		912E727F0935D357901822EA /* Git */ = {
			isa = PBXGroup;
			children = (
			);
			path = Git;
			sourceTree = "<group>";
		};
		95460097402A393276B94201 /* UI */ = {
			isa = PBXGroup;
			children = (
				DDEDB573C415CA0FCFC7AEB3 /* MainWindowController.swift */,
				F1E7563C95C2956AC38E2C82 /* CommandPalette */,
				2796D6DC1036F54F71B9C0BC /* Debugger */,
				826FAA3F41DAB0A13E634BD9 /* Editor */,
				5087E60148BEFF0CE64C7DDA /* Settings */,
				EC6111FDF2566C739B92C499 /* Sidebar */,
				84BF3332C5C469E35546DB12 /* StatusBar */,
				AE531AB4A9016ED5E878DFB4 /* TabBar */,
				82314640DAC5EAD135770D6D /* Terminal */,
			);
			path = UI;
			sourceTree = "<group>";
		};
		A1102C9C561908B22FB07451 /* DebugPanel */ = {
			isa = PBXGroup;
			children = (
			);
			path = DebugPanel;
			sourceTree = "<group>";
		};
		A7597693E2437F988F1D6F7C /* Alloy */ = {
			isa = PBXGroup;
			children = (
				859EB1942E218A6CC2C641FF /* App */,
				1C9FB72880C14B26BCB1FBA7 /* Core */,
				6B7A7E246FC739B998618C2E /* ExtensionHost */,
				177C7E523FC525CEF64F242C /* Extensions */,
				912E727F0935D357901822EA /* Git */,
				F8C3964E3E6817C083FF9602 /* KeyBindings */,
				FC9EC6DC9935A88E422E9D03 /* Search */,
				95460097402A393276B94201 /* UI */,
			);
			path = Alloy;
			sourceTree = "<group>";
		};
		AE531AB4A9016ED5E878DFB4 /* TabBar */ = {
			isa = PBXGroup;
			children = (
				04CC40A4AF708E9E3A0869F0 /* TabBarView.swift */,
			);
			path = TabBar;
			sourceTree = "<group>";
		};
		B1692E17F3DF108C19787D8A /* Products */ = {
			isa = PBXGroup;
			children = (
				38205ABCB10729EF4443D77F /* Alloy.app */,
				ABC6A35DD70F38D9A3E48488 /* AlloyTests.xctest */,
			);
			name = Products;
			sourceTree = "<group>";
		};
		BAE03692B5C42BF5E6F0F8A3 /* ExtensionsPanel */ = {
			isa = PBXGroup;
			children = (
			);
			path = ExtensionsPanel;
			sourceTree = "<group>";
		};
		CF79AB394B496BD5C6802F1E /* SourceControl */ = {
			isa = PBXGroup;
			children = (
			);
			path = SourceControl;
			sourceTree = "<group>";
		};
		CFF75991DE8F98E4F84730B4 /* handlers */ = {
			isa = PBXGroup;
			children = (
			);
			path = handlers;
			sourceTree = "<group>";
		};
		D9DB3D99D40EC505010CF6AD /* SearchPanel */ = {
			isa = PBXGroup;
			children = (
			);
			path = SearchPanel;
			sourceTree = "<group>";
		};
		EC6111FDF2566C739B92C499 /* Sidebar */ = {
			isa = PBXGroup;
			children = (
				A1102C9C561908B22FB07451 /* DebugPanel */,
				BAE03692B5C42BF5E6F0F8A3 /* ExtensionsPanel */,
				36ABCE2D8FBCA4F8775E470F /* FileExplorer */,
				D9DB3D99D40EC505010CF6AD /* SearchPanel */,
				CF79AB394B496BD5C6802F1E /* SourceControl */,
			);
			path = Sidebar;
			sourceTree = "<group>";
		};
		F1E7563C95C2956AC38E2C82 /* CommandPalette */ = {
			isa = PBXGroup;
			children = (
			);
			path = CommandPalette;
			sourceTree = "<group>";
		};
		F8C3964E3E6817C083FF9602 /* KeyBindings */ = {
			isa = PBXGroup;
			children = (
				72492F6608A2C46B0A27F008 /* DefaultKeyBindings.json */,
				A893C94174C8204DA2C51CB5 /* KeyBindingManager.swift */,
			);
			path = KeyBindings;
			sourceTree = "<group>";
		};
		FC9EC6DC9935A88E422E9D03 /* Search */ = {
			isa = PBXGroup;
			children = (
			);
			path = Search;
			sourceTree = "<group>";
		};
/* End PBXGroup section */

/* Begin PBXNativeTarget section */
		114FB3825438A5E6569A9CFB /* AlloyTests */ = {
			isa = PBXNativeTarget;
			buildConfigurationList = 8EB56071E4A80016B5DDFF48 /* Build configuration list for PBXNativeTarget "AlloyTests" */;
			buildPhases = (
				387300B12C1E9F634541C662 /* Sources */,
			);
			buildRules = (
			);
			dependencies = (
				38B65F2A8D0E473464EA81F7 /* PBXTargetDependency */,
			);
			name = AlloyTests;
			packageProductDependencies = (
			);
			productName = AlloyTests;
			productReference = ABC6A35DD70F38D9A3E48488 /* AlloyTests.xctest */;
			productType = "com.apple.product-type.bundle.unit-test";
		};
		BD5D4DD2E5D5F3BF4F78DC7F /* Alloy */ = {
			isa = PBXNativeTarget;
			buildConfigurationList = 45BA8F2368E02ED446BF0A5B /* Build configuration list for PBXNativeTarget "Alloy" */;
			buildPhases = (
				AFD53105A5010B3BCF5406D0 /* Build Rust Engine */,
				18F2DB6FE1B610CFC4C3BF26 /* Sources */,
				73408A0D9EE9B32272D7FD2F /* Resources */,
			);
			buildRules = (
			);
			dependencies = (
			);
			name = Alloy;
			packageProductDependencies = (
			);
			productName = Alloy;
			productReference = 38205ABCB10729EF4443D77F /* Alloy.app */;
			productType = "com.apple.product-type.application";
		};
/* End PBXNativeTarget section */

/* Begin PBXProject section */
		488F712BCBCD7F7CD4DD1B40 /* Project object */ = {
			isa = PBXProject;
			attributes = {
				BuildIndependentTargetsInParallel = YES;
				LastUpgradeCheck = 1600;
				TargetAttributes = {
					114FB3825438A5E6569A9CFB = {
						DevelopmentTeam = "";
						ProvisioningStyle = Manual;
					};
					BD5D4DD2E5D5F3BF4F78DC7F = {
						DevelopmentTeam = "";
						ProvisioningStyle = Manual;
					};
				};
			};
			buildConfigurationList = 7B4D9EF370B459CD7B0DD8F9 /* Build configuration list for PBXProject "Alloy" */;
			developmentRegion = en;
			hasScannedForEncodings = 0;
			knownRegions = (
				Base,
				en,
			);
			mainGroup = 5D20426A32882805753E0F98;
			minimizedProjectReferenceProxies = 1;
			preferredProjectObjectVersion = 77;
			productRefGroup = B1692E17F3DF108C19787D8A /* Products */;
			projectDirPath = "";
			projectRoot = "";
			targets = (
				BD5D4DD2E5D5F3BF4F78DC7F /* Alloy */,
				114FB3825438A5E6569A9CFB /* AlloyTests */,
			);
		};
/* End PBXProject section */

/* Begin PBXResourcesBuildPhase section */
		73408A0D9EE9B32272D7FD2F /* Resources */ = {
			isa = PBXResourcesBuildPhase;
			buildActionMask = 2147483647;
			files = (
				C8141540A16208CB65305652 /* DefaultKeyBindings.json in Resources */,
			);
			runOnlyForDeploymentPostprocessing = 0;
		};
/* End PBXResourcesBuildPhase section */

/* Begin PBXShellScriptBuildPhase section */
		AFD53105A5010B3BCF5406D0 /* Build Rust Engine */ = {
			isa = PBXShellScriptBuildPhase;
			alwaysOutOfDate = 1;
			buildActionMask = 2147483647;
			files = (
			);
			inputFileListPaths = (
			);
			inputPaths = (
			);
			name = "Build Rust Engine";
			outputFileListPaths = (
			);
			outputPaths = (
			);
			runOnlyForDeploymentPostprocessing = 0;
			shellPath = /bin/zsh;
			shellScript = "export PATH=\"$HOME/.cargo/bin:/opt/homebrew/bin:$PATH\"\ncd \"$PROJECT_DIR/alloy-engine\"\nif [ \"$CONFIGURATION\" = \"Release\" ]; then\n  cargo build -p alloy-text --release\nelse\n  cargo build -p alloy-text\nfi\n";
		};
/* End PBXShellScriptBuildPhase section */

/* Begin PBXSourcesBuildPhase section */
		18F2DB6FE1B610CFC4C3BF26 /* Sources */ = {
			isa = PBXSourcesBuildPhase;
			buildActionMask = 2147483647;
			files = (
				BF4A20F34405DBE80C5BF165 /* AlloyApp.swift in Sources */,
				4C9A2C05272CEE70655011D5 /* AppCommands.swift in Sources */,
				729B2CEAE8B203A954350C05 /* AppDelegate.swift in Sources */,
				AE75A1DFEBA83ECCA61FA16C /* Document.swift in Sources */,
				8FCFABFC26D354BDA5E69968 /* EditorTheme.swift in Sources */,
				BAE6DA5528C8EBE022025A7C /* EditorView.swift in Sources */,
				4096DCCE82129CFD761A4F33 /* EditorViewController.swift in Sources */,
				57F63AA8613A1BA936E67A78 /* GutterView.swift in Sources */,
				50E16DB005EF0E401F8F605F /* KeyBindingManager.swift in Sources */,
				3482DEFB33C7097085C8E2C4 /* MainWindowController.swift in Sources */,
				AF36377D0C4FFDF8DC97AA62 /* Selection.swift in Sources */,
				130EF696BFF375817AB64FAF /* TabBarView.swift in Sources */,
				D28B2F806F455B13330D237B /* TabGroup.swift in Sources */,
				A47E04D99867F695F7E61886 /* TextBuffer.swift in Sources */,
				3C6041BE5C51F6F5E5C80F98 /* UndoStack.swift in Sources */,
				C3DCAAAB967B2FF774C5291E /* Workspace.swift in Sources */,
			);
			runOnlyForDeploymentPostprocessing = 0;
		};
		387300B12C1E9F634541C662 /* Sources */ = {
			isa = PBXSourcesBuildPhase;
			buildActionMask = 2147483647;
			files = (
				A55D4923A3615473F97C1B2C /* AlloyTests.swift in Sources */,
			);
			runOnlyForDeploymentPostprocessing = 0;
		};
/* End PBXSourcesBuildPhase section */

/* Begin PBXTargetDependency section */
		38B65F2A8D0E473464EA81F7 /* PBXTargetDependency */ = {
			isa = PBXTargetDependency;
			target = BD5D4DD2E5D5F3BF4F78DC7F /* Alloy */;
			targetProxy = 159D4A82C805C1E45D1AC4E4 /* PBXContainerItemProxy */;
		};
/* End PBXTargetDependency section */

/* Begin XCBuildConfiguration section */
		17BA354B78B8626AD6E35705 /* Release */ = {
			isa = XCBuildConfiguration;
			buildSettings = {
				BUNDLE_LOADER = "$(TEST_HOST)";
				COMBINE_HIDPI_IMAGES = YES;
				LD_RUNPATH_SEARCH_PATHS = (
					"$(inherited)",
					"@executable_path/../Frameworks",
					"@loader_path/../Frameworks",
				);
				MACOSX_DEPLOYMENT_TARGET = 14.0;
				PRODUCT_BUNDLE_IDENTIFIER = com.alloy.editor.tests;
				SDKROOT = macosx;
				TEST_HOST = "$(BUILT_PRODUCTS_DIR)/Alloy.app/Contents/MacOS/Alloy";
			};
			name = Release;
		};
		304C102178E0F4F369091EE9 /* Release */ = {
			isa = XCBuildConfiguration;
			buildSettings = {
				ALWAYS_SEARCH_USER_PATHS = NO;
				CLANG_ANALYZER_NONNULL = YES;
				CLANG_ANALYZER_NUMBER_OBJECT_CONVERSION = YES_AGGRESSIVE;
				CLANG_CXX_LANGUAGE_STANDARD = "gnu++14";
				CLANG_CXX_LIBRARY = "libc++";
				CLANG_ENABLE_MODULES = YES;
				CLANG_ENABLE_OBJC_ARC = YES;
				CLANG_ENABLE_OBJC_WEAK = YES;
				CLANG_WARN_BLOCK_CAPTURE_AUTORELEASING = YES;
				CLANG_WARN_BOOL_CONVERSION = YES;
				CLANG_WARN_COMMA = YES;
				CLANG_WARN_CONSTANT_CONVERSION = YES;
				CLANG_WARN_DEPRECATED_OBJC_IMPLEMENTATIONS = YES;
				CLANG_WARN_DIRECT_OBJC_ISA_USAGE = YES_ERROR;
				CLANG_WARN_DOCUMENTATION_COMMENTS = YES;
				CLANG_WARN_EMPTY_BODY = YES;
				CLANG_WARN_ENUM_CONVERSION = YES;
				CLANG_WARN_INFINITE_RECURSION = YES;
				CLANG_WARN_INT_CONVERSION = YES;
				CLANG_WARN_NON_LITERAL_NULL_CONVERSION = YES;
				CLANG_WARN_OBJC_IMPLICIT_RETAIN_SELF = YES;
				CLANG_WARN_OBJC_LITERAL_CONVERSION = YES;
				CLANG_WARN_OBJC_ROOT_CLASS = YES_ERROR;
				CLANG_WARN_QUOTED_INCLUDE_IN_FRAMEWORK_HEADER = YES;
				CLANG_WARN_RANGE_LOOP_ANALYSIS = YES;
				CLANG_WARN_STRICT_PROTOTYPES = YES;
				CLANG_WARN_SUSPICIOUS_MOVE = YES;
				CLANG_WARN_UNGUARDED_AVAILABILITY = YES_AGGRESSIVE;
				CLANG_WARN_UNREACHABLE_CODE = YES;
				CLANG_WARN__DUPLICATE_METHOD_MATCH = YES;
				CODE_SIGN_STYLE = Manual;
				COPY_PHASE_STRIP = NO;
				DEBUG_INFORMATION_FORMAT = "dwarf-with-dsym";
				DEVELOPMENT_TEAM = "";
				ENABLE_HARDENED_RUNTIME = YES;
				ENABLE_NS_ASSERTIONS = NO;
				ENABLE_STRICT_OBJC_MSGSEND = YES;
				GCC_C_LANGUAGE_STANDARD = gnu11;
				GCC_NO_COMMON_BLOCKS = YES;
				GCC_WARN_64_TO_32_BIT_CONVERSION = YES;
				GCC_WARN_ABOUT_RETURN_TYPE = YES_ERROR;
				GCC_WARN_UNDECLARED_SELECTOR = YES;
				GCC_WARN_UNINITIALIZED_AUTOS = YES_AGGRESSIVE;
				GCC_WARN_UNUSED_FUNCTION = YES;
				GCC_WARN_UNUSED_VARIABLE = YES;
				MACOSX_DEPLOYMENT_TARGET = 14.0;
				MTL_ENABLE_DEBUG_INFO = NO;
				MTL_FAST_MATH = YES;
				PRODUCT_NAME = "$(TARGET_NAME)";
				SDKROOT = macosx;
				SWIFT_COMPILATION_MODE = wholemodule;
				SWIFT_OPTIMIZATION_LEVEL = "-O";
				SWIFT_VERSION = 5.0;
			};
			name = Release;
		};
		52D66B6A41C3AA1FA0D0E2DA /* Release */ = {
			isa = XCBuildConfiguration;
			buildSettings = {
				ASSETCATALOG_COMPILER_APPICON_NAME = AppIcon;
				CODE_SIGN_ENTITLEMENTS = Alloy/App/Alloy.entitlements;
				COMBINE_HIDPI_IMAGES = YES;
				INFOPLIST_FILE = Alloy/App/Info.plist;
				LD_RUNPATH_SEARCH_PATHS = (
					"$(inherited)",
					"@executable_path/../Frameworks",
				);
				"LIBRARY_SEARCH_PATHS[config=Debug]" = (
					"$(inherited)",
					"$(PROJECT_DIR)/alloy-engine/target/debug",
				);
				"LIBRARY_SEARCH_PATHS[config=Release]" = (
					"$(inherited)",
					"$(PROJECT_DIR)/alloy-engine/target/release",
				);
				MACOSX_DEPLOYMENT_TARGET = 14.0;
				OTHER_LDFLAGS = (
					"-lalloy_text",
					"-liconv",
					"-lresolv",
				);
				PRODUCT_BUNDLE_IDENTIFIER = com.alloy.editor;
				PRODUCT_NAME = Alloy;
				SDKROOT = macosx;
				SWIFT_INCLUDE_PATHS = "$(PROJECT_DIR)/Alloy/Core/Bridge";
				SWIFT_OBJC_BRIDGING_HEADER = Alloy/Core/Bridge/AlloyEngine.h;
			};
			name = Release;
		};
		643A85D400358D378D896B5E /* Debug */ = {
			isa = XCBuildConfiguration;
			buildSettings = {
				ASSETCATALOG_COMPILER_APPICON_NAME = AppIcon;
				CODE_SIGN_ENTITLEMENTS = Alloy/App/Alloy.entitlements;
				COMBINE_HIDPI_IMAGES = YES;
				INFOPLIST_FILE = Alloy/App/Info.plist;
				LD_RUNPATH_SEARCH_PATHS = (
					"$(inherited)",
					"@executable_path/../Frameworks",
				);
				"LIBRARY_SEARCH_PATHS[config=Debug]" = (
					"$(inherited)",
					"$(PROJECT_DIR)/alloy-engine/target/debug",
				);
				"LIBRARY_SEARCH_PATHS[config=Release]" = (
					"$(inherited)",
					"$(PROJECT_DIR)/alloy-engine/target/release",
				);
				MACOSX_DEPLOYMENT_TARGET = 14.0;
				OTHER_LDFLAGS = (
					"-lalloy_text",
					"-liconv",
					"-lresolv",
				);
				PRODUCT_BUNDLE_IDENTIFIER = com.alloy.editor;
				PRODUCT_NAME = Alloy;
				SDKROOT = macosx;
				SWIFT_INCLUDE_PATHS = "$(PROJECT_DIR)/Alloy/Core/Bridge";
				SWIFT_OBJC_BRIDGING_HEADER = Alloy/Core/Bridge/AlloyEngine.h;
			};
			name = Debug;
		};
		96E6622334E1BB325E3E9A44 /* Debug */ = {
			isa = XCBuildConfiguration;
			buildSettings = {
				ALWAYS_SEARCH_USER_PATHS = NO;
				CLANG_ANALYZER_NONNULL = YES;
				CLANG_ANALYZER_NUMBER_OBJECT_CONVERSION = YES_AGGRESSIVE;
				CLANG_CXX_LANGUAGE_STANDARD = "gnu++14";
				CLANG_CXX_LIBRARY = "libc++";
				CLANG_ENABLE_MODULES = YES;
				CLANG_ENABLE_OBJC_ARC = YES;
				CLANG_ENABLE_OBJC_WEAK = YES;
				CLANG_WARN_BLOCK_CAPTURE_AUTORELEASING = YES;
				CLANG_WARN_BOOL_CONVERSION = YES;
				CLANG_WARN_COMMA = YES;
				CLANG_WARN_CONSTANT_CONVERSION = YES;
				CLANG_WARN_DEPRECATED_OBJC_IMPLEMENTATIONS = YES;
				CLANG_WARN_DIRECT_OBJC_ISA_USAGE = YES_ERROR;
				CLANG_WARN_DOCUMENTATION_COMMENTS = YES;
				CLANG_WARN_EMPTY_BODY = YES;
				CLANG_WARN_ENUM_CONVERSION = YES;
				CLANG_WARN_INFINITE_RECURSION = YES;
				CLANG_WARN_INT_CONVERSION = YES;
				CLANG_WARN_NON_LITERAL_NULL_CONVERSION = YES;
				CLANG_WARN_OBJC_IMPLICIT_RETAIN_SELF = YES;
				CLANG_WARN_OBJC_LITERAL_CONVERSION = YES;
				CLANG_WARN_OBJC_ROOT_CLASS = YES_ERROR;
				CLANG_WARN_QUOTED_INCLUDE_IN_FRAMEWORK_HEADER = YES;
				CLANG_WARN_RANGE_LOOP_ANALYSIS = YES;
				CLANG_WARN_STRICT_PROTOTYPES = YES;
				CLANG_WARN_SUSPICIOUS_MOVE = YES;
				CLANG_WARN_UNGUARDED_AVAILABILITY = YES_AGGRESSIVE;
				CLANG_WARN_UNREACHABLE_CODE = YES;
				CLANG_WARN__DUPLICATE_METHOD_MATCH = YES;
				CODE_SIGN_STYLE = Manual;
				COPY_PHASE_STRIP = NO;
				DEBUG_INFORMATION_FORMAT = dwarf;
				DEVELOPMENT_TEAM = "";
				ENABLE_HARDENED_RUNTIME = YES;
				ENABLE_STRICT_OBJC_MSGSEND = YES;
				ENABLE_TESTABILITY = YES;
				GCC_C_LANGUAGE_STANDARD = gnu11;
				GCC_DYNAMIC_NO_PIC = NO;
				GCC_NO_COMMON_BLOCKS = YES;
				GCC_OPTIMIZATION_LEVEL = 0;
				GCC_PREPROCESSOR_DEFINITIONS = (
					"$(inherited)",
					"DEBUG=1",
				);
				GCC_WARN_64_TO_32_BIT_CONVERSION = YES;
				GCC_WARN_ABOUT_RETURN_TYPE = YES_ERROR;
				GCC_WARN_UNDECLARED_SELECTOR = YES;
				GCC_WARN_UNINITIALIZED_AUTOS = YES_AGGRESSIVE;
				GCC_WARN_UNUSED_FUNCTION = YES;
				GCC_WARN_UNUSED_VARIABLE = YES;
				MACOSX_DEPLOYMENT_TARGET = 14.0;
				MTL_ENABLE_DEBUG_INFO = INCLUDE_SOURCE;
				MTL_FAST_MATH = YES;
				ONLY_ACTIVE_ARCH = YES;
				PRODUCT_NAME = "$(TARGET_NAME)";
				SDKROOT = macosx;
				SWIFT_ACTIVE_COMPILATION_CONDITIONS = DEBUG;
				SWIFT_OPTIMIZATION_LEVEL = "-Onone";
				SWIFT_VERSION = 5.0;
			};
			name = Debug;
		};
		A95116D9797EFA48CE663AF4 /* Debug */ = {
			isa = XCBuildConfiguration;
			buildSettings = {
				BUNDLE_LOADER = "$(TEST_HOST)";
				COMBINE_HIDPI_IMAGES = YES;
				LD_RUNPATH_SEARCH_PATHS = (
					"$(inherited)",
					"@executable_path/../Frameworks",
					"@loader_path/../Frameworks",
				);
				MACOSX_DEPLOYMENT_TARGET = 14.0;
				PRODUCT_BUNDLE_IDENTIFIER = com.alloy.editor.tests;
				SDKROOT = macosx;
				TEST_HOST = "$(BUILT_PRODUCTS_DIR)/Alloy.app/Contents/MacOS/Alloy";
			};
			name = Debug;
		};
/* End XCBuildConfiguration section */

/* Begin XCConfigurationList section */
		45BA8F2368E02ED446BF0A5B /* Build configuration list for PBXNativeTarget "Alloy" */ = {
			isa = XCConfigurationList;
			buildConfigurations = (
				643A85D400358D378D896B5E /* Debug */,
				52D66B6A41C3AA1FA0D0E2DA /* Release */,
			);
			defaultConfigurationIsVisible = 0;
			defaultConfigurationName = Debug;
		};
		7B4D9EF370B459CD7B0DD8F9 /* Build configuration list for PBXProject "Alloy" */ = {
			isa = XCConfigurationList;
			buildConfigurations = (
				96E6622334E1BB325E3E9A44 /* Debug */,
				304C102178E0F4F369091EE9 /* Release */,
			);
			defaultConfigurationIsVisible = 0;
			defaultConfigurationName = Debug;
		};
		8EB56071E4A80016B5DDFF48 /* Build configuration list for PBXNativeTarget "AlloyTests" */ = {
			isa = XCConfigurationList;
			buildConfigurations = (
				A95116D9797EFA48CE663AF4 /* Debug */,
				17BA354B78B8626AD6E35705 /* Release */,
			);
			defaultConfigurationIsVisible = 0;
			defaultConfigurationName = Debug;
		};
/* End XCConfigurationList section */
	};
	rootObject = 488F712BCBCD7F7CD4DD1B40 /* Project object */;
}
